// !$*UTF8*$!
{
	archiveVersion = 1;
	classes = {
	};
	objectVersion = 51;
	objects = {

/* Begin PBXBuildFile section */
		5C29176DE8BB304513B81F77 /* Pods_Pastagram.framework in Frameworks */ = {isa = PBXBuildFile; fileRef = F0FC357D08A9DD885A2FCD2F /* Pods_Pastagram.framework */; };
		6E06B90BD9C4B8F32FD2621B /* Pods_PastagramTests.framework in Frameworks */ = {isa = PBXBuildFile; fileRef = DB8FE50B3AF440BABAFE5D47 /* Pods_PastagramTests.framework */; };
		937956CE2542429B008FCCB4 /* AppDelegate.swift in Sources */ = {isa = PBXBuildFile; fileRef = 937956CD2542429B008FCCB4 /* AppDelegate.swift */; };
		937956D02542429B008FCCB4 /* SceneDelegate.swift in Sources */ = {isa = PBXBuildFile; fileRef = 937956CF2542429B008FCCB4 /* SceneDelegate.swift */; };
		937956D52542429B008FCCB4 /* Main.storyboard in Resources */ = {isa = PBXBuildFile; fileRef = 937956D32542429B008FCCB4 /* Main.storyboard */; };
		937956D72542429C008FCCB4 /* Assets.xcassets in Resources */ = {isa = PBXBuildFile; fileRef = 937956D62542429C008FCCB4 /* Assets.xcassets */; };
		937956DA2542429C008FCCB4 /* LaunchScreen.storyboard in Resources */ = {isa = PBXBuildFile; fileRef = 937956D82542429C008FCCB4 /* LaunchScreen.storyboard */; };
		937956E52542429C008FCCB4 /* PastagramTests.swift in Sources */ = {isa = PBXBuildFile; fileRef = 937956E42542429C008FCCB4 /* PastagramTests.swift */; };
		937956F02542429C008FCCB4 /* PastagramUITests.swift in Sources */ = {isa = PBXBuildFile; fileRef = 937956EF2542429C008FCCB4 /* PastagramUITests.swift */; };
		9379571F254249ED008FCCB4 /* LoginViewController.swift in Sources */ = {isa = PBXBuildFile; fileRef = 9379571E254249ED008FCCB4 /* LoginViewController.swift */; };
		9379572425424A41008FCCB4 /* FeedViewController.swift in Sources */ = {isa = PBXBuildFile; fileRef = 9379572325424A41008FCCB4 /* FeedViewController.swift */; };
		937957352543A3B5008FCCB4 /* CameraViewController.swift in Sources */ = {isa = PBXBuildFile; fileRef = 937957342543A3B5008FCCB4 /* CameraViewController.swift */; };
		937957452543BE93008FCCB4 /* PostCell.swift in Sources */ = {isa = PBXBuildFile; fileRef = 937957442543BE93008FCCB4 /* PostCell.swift */; };
		939256EE254DFE1500D44F70 /* CommentCell.swift in Sources */ = {isa = PBXBuildFile; fileRef = 939256ED254DFE1500D44F70 /* CommentCell.swift */; };
		B2AE00A10601C93E3F0EFE3E /* Pods_Pastagram_PastagramUITests.framework in Frameworks */ = {isa = PBXBuildFile; fileRef = 6AFCE7B2BE429B9A255B2D12 /* Pods_Pastagram_PastagramUITests.framework */; };
/* End PBXBuildFile section */

/* Begin PBXContainerItemProxy section */
		937956E12542429C008FCCB4 /* PBXContainerItemProxy */ = {
			isa = PBXContainerItemProxy;
			containerPortal = 937956C22542429B008FCCB4 /* Project object */;
			proxyType = 1;
			remoteGlobalIDString = 937956C92542429B008FCCB4;
			remoteInfo = Pastagram;
		};
		937956EC2542429C008FCCB4 /* PBXContainerItemProxy */ = {
			isa = PBXContainerItemProxy;
			containerPortal = 937956C22542429B008FCCB4 /* Project object */;
			proxyType = 1;
			remoteGlobalIDString = 937956C92542429B008FCCB4;
			remoteInfo = Pastagram;
		};
/* End PBXContainerItemProxy section */

/* Begin PBXFileReference section */
		29D419BF42DD0A286B2056DD /* Pods-Pastagram.release.xcconfig */ = {isa = PBXFileReference; includeInIndex = 1; lastKnownFileType = text.xcconfig; name = "Pods-Pastagram.release.xcconfig"; path = "Target Support Files/Pods-Pastagram/Pods-Pastagram.release.xcconfig"; sourceTree = "<group>"; };
		6AFCE7B2BE429B9A255B2D12 /* Pods_Pastagram_PastagramUITests.framework */ = {isa = PBXFileReference; explicitFileType = wrapper.framework; includeInIndex = 0; path = Pods_Pastagram_PastagramUITests.framework; sourceTree = BUILT_PRODUCTS_DIR; };
		6B27B894A71A5CFBB12BA915 /* Pods-Pastagram-PastagramUITests.release.xcconfig */ = {isa = PBXFileReference; includeInIndex = 1; lastKnownFileType = text.xcconfig; name = "Pods-Pastagram-PastagramUITests.release.xcconfig"; path = "Target Support Files/Pods-Pastagram-PastagramUITests/Pods-Pastagram-PastagramUITests.release.xcconfig"; sourceTree = "<group>"; };
		7EE1D3F714CAC4057B9F5C0E /* Pods-Pastagram-PastagramUITests.debug.xcconfig */ = {isa = PBXFileReference; includeInIndex = 1; lastKnownFileType = text.xcconfig; name = "Pods-Pastagram-PastagramUITests.debug.xcconfig"; path = "Target Support Files/Pods-Pastagram-PastagramUITests/Pods-Pastagram-PastagramUITests.debug.xcconfig"; sourceTree = "<group>"; };
		937956CA2542429B008FCCB4 /* Pastagram.app */ = {isa = PBXFileReference; explicitFileType = wrapper.application; includeInIndex = 0; path = Pastagram.app; sourceTree = BUILT_PRODUCTS_DIR; };
		937956CD2542429B008FCCB4 /* AppDelegate.swift */ = {isa = PBXFileReference; lastKnownFileType = sourcecode.swift; path = AppDelegate.swift; sourceTree = "<group>"; };
		937956CF2542429B008FCCB4 /* SceneDelegate.swift */ = {isa = PBXFileReference; lastKnownFileType = sourcecode.swift; path = SceneDelegate.swift; sourceTree = "<group>"; };
		937956D42542429B008FCCB4 /* Base */ = {isa = PBXFileReference; lastKnownFileType = file.storyboard; name = Base; path = Base.lproj/Main.storyboard; sourceTree = "<group>"; };
		937956D62542429C008FCCB4 /* Assets.xcassets */ = {isa = PBXFileReference; lastKnownFileType = folder.assetcatalog; path = Assets.xcassets; sourceTree = "<group>"; };
		937956D92542429C008FCCB4 /* Base */ = {isa = PBXFileReference; lastKnownFileType = file.storyboard; name = Base; path = Base.lproj/LaunchScreen.storyboard; sourceTree = "<group>"; };
		937956DB2542429C008FCCB4 /* Info.plist */ = {isa = PBXFileReference; lastKnownFileType = text.plist.xml; path = Info.plist; sourceTree = "<group>"; };
		937956E02542429C008FCCB4 /* PastagramTests.xctest */ = {isa = PBXFileReference; explicitFileType = wrapper.cfbundle; includeInIndex = 0; path = PastagramTests.xctest; sourceTree = BUILT_PRODUCTS_DIR; };
		937956E42542429C008FCCB4 /* PastagramTests.swift */ = {isa = PBXFileReference; lastKnownFileType = sourcecode.swift; path = PastagramTests.swift; sourceTree = "<group>"; };
		937956E62542429C008FCCB4 /* Info.plist */ = {isa = PBXFileReference; lastKnownFileType = text.plist.xml; path = Info.plist; sourceTree = "<group>"; };
		937956EB2542429C008FCCB4 /* PastagramUITests.xctest */ = {isa = PBXFileReference; explicitFileType = wrapper.cfbundle; includeInIndex = 0; path = PastagramUITests.xctest; sourceTree = BUILT_PRODUCTS_DIR; };
		937956EF2542429C008FCCB4 /* PastagramUITests.swift */ = {isa = PBXFileReference; lastKnownFileType = sourcecode.swift; path = PastagramUITests.swift; sourceTree = "<group>"; };
		937956F12542429D008FCCB4 /* Info.plist */ = {isa = PBXFileReference; lastKnownFileType = text.plist.xml; path = Info.plist; sourceTree = "<group>"; };
		9379571E254249ED008FCCB4 /* LoginViewController.swift */ = {isa = PBXFileReference; lastKnownFileType = sourcecode.swift; path = LoginViewController.swift; sourceTree = "<group>"; };
		9379572325424A41008FCCB4 /* FeedViewController.swift */ = {isa = PBXFileReference; lastKnownFileType = sourcecode.swift; path = FeedViewController.swift; sourceTree = "<group>"; };
		937957342543A3B5008FCCB4 /* CameraViewController.swift */ = {isa = PBXFileReference; lastKnownFileType = sourcecode.swift; path = CameraViewController.swift; sourceTree = "<group>"; };
		937957442543BE93008FCCB4 /* PostCell.swift */ = {isa = PBXFileReference; lastKnownFileType = sourcecode.swift; path = PostCell.swift; sourceTree = "<group>"; };
		939256ED254DFE1500D44F70 /* CommentCell.swift */ = {isa = PBXFileReference; lastKnownFileType = sourcecode.swift; path = CommentCell.swift; sourceTree = "<group>"; };
		AF01D9F9F486A429A39AF376 /* Pods-PastagramTests.debug.xcconfig */ = {isa = PBXFileReference; includeInIndex = 1; lastKnownFileType = text.xcconfig; name = "Pods-PastagramTests.debug.xcconfig"; path = "Target Support Files/Pods-PastagramTests/Pods-PastagramTests.debug.xcconfig"; sourceTree = "<group>"; };
		CF1C18C2BBAC653D94B897FD /* Pods-Pastagram.debug.xcconfig */ = {isa = PBXFileReference; includeInIndex = 1; lastKnownFileType = text.xcconfig; name = "Pods-Pastagram.debug.xcconfig"; path = "Target Support Files/Pods-Pastagram/Pods-Pastagram.debug.xcconfig"; sourceTree = "<group>"; };
		D7359B6A3F474B364F26336B /* Pods-PastagramTests.release.xcconfig */ = {isa = PBXFileReference; includeInIndex = 1; lastKnownFileType = text.xcconfig; name = "Pods-PastagramTests.release.xcconfig"; path = "Target Support Files/Pods-PastagramTests/Pods-PastagramTests.release.xcconfig"; sourceTree = "<group>"; };
		DB8FE50B3AF440BABAFE5D47 /* Pods_PastagramTests.framework */ = {isa = PBXFileReference; explicitFileType = wrapper.framework; includeInIndex = 0; path = Pods_PastagramTests.framework; sourceTree = BUILT_PRODUCTS_DIR; };
		F0FC357D08A9DD885A2FCD2F /* Pods_Pastagram.framework */ = {isa = PBXFileReference; explicitFileType = wrapper.framework; includeInIndex = 0; path = Pods_Pastagram.framework; sourceTree = BUILT_PRODUCTS_DIR; };
/* End PBXFileReference section */

/* Begin PBXFrameworksBuildPhase section */
		937956C72542429B008FCCB4 /* Frameworks */ = {
			isa = PBXFrameworksBuildPhase;
			buildActionMask = 2147483647;
			files = (
				5C29176DE8BB304513B81F77 /* Pods_Pastagram.framework in Frameworks */,
			);
			runOnlyForDeploymentPostprocessing = 0;
		};
		937956DD2542429C008FCCB4 /* Frameworks */ = {
			isa = PBXFrameworksBuildPhase;
			buildActionMask = 2147483647;
			files = (
				6E06B90BD9C4B8F32FD2621B /* Pods_PastagramTests.framework in Frameworks */,
			);
			runOnlyForDeploymentPostprocessing = 0;
		};
		937956E82542429C008FCCB4 /* Frameworks */ = {
			isa = PBXFrameworksBuildPhase;
			buildActionMask = 2147483647;
			files = (
				B2AE00A10601C93E3F0EFE3E /* Pods_Pastagram_PastagramUITests.framework in Frameworks */,
			);
			runOnlyForDeploymentPostprocessing = 0;
		};
/* End PBXFrameworksBuildPhase section */

/* Begin PBXGroup section */
		13CFC40EF5E050DF84714C81 /* Frameworks */ = {
			isa = PBXGroup;
			children = (
				F0FC357D08A9DD885A2FCD2F /* Pods_Pastagram.framework */,
				6AFCE7B2BE429B9A255B2D12 /* Pods_Pastagram_PastagramUITests.framework */,
				DB8FE50B3AF440BABAFE5D47 /* Pods_PastagramTests.framework */,
			);
			name = Frameworks;
			sourceTree = "<group>";
		};
		937956C12542429B008FCCB4 = {
			isa = PBXGroup;
			children = (
				937956CC2542429B008FCCB4 /* Pastagram */,
				937956E32542429C008FCCB4 /* PastagramTests */,
				937956EE2542429C008FCCB4 /* PastagramUITests */,
				937956CB2542429B008FCCB4 /* Products */,
				CB07801EF45E136189B93A3B /* Pods */,
				13CFC40EF5E050DF84714C81 /* Frameworks */,
			);
			sourceTree = "<group>";
		};
		937956CB2542429B008FCCB4 /* Products */ = {
			isa = PBXGroup;
			children = (
				937956CA2542429B008FCCB4 /* Pastagram.app */,
				937956E02542429C008FCCB4 /* PastagramTests.xctest */,
				937956EB2542429C008FCCB4 /* PastagramUITests.xctest */,
			);
			name = Products;
			sourceTree = "<group>";
		};
		937956CC2542429B008FCCB4 /* Pastagram */ = {
			isa = PBXGroup;
			children = (
				937956CD2542429B008FCCB4 /* AppDelegate.swift */,
				937956CF2542429B008FCCB4 /* SceneDelegate.swift */,
				937956D32542429B008FCCB4 /* Main.storyboard */,
				937956D62542429C008FCCB4 /* Assets.xcassets */,
				937956D82542429C008FCCB4 /* LaunchScreen.storyboard */,
				937956DB2542429C008FCCB4 /* Info.plist */,
				9379571E254249ED008FCCB4 /* LoginViewController.swift */,
				9379572325424A41008FCCB4 /* FeedViewController.swift */,
				937957342543A3B5008FCCB4 /* CameraViewController.swift */,
				937957442543BE93008FCCB4 /* PostCell.swift */,
				939256ED254DFE1500D44F70 /* CommentCell.swift */,
			);
			path = Pastagram;
			sourceTree = "<group>";
		};
		937956E32542429C008FCCB4 /* PastagramTests */ = {
			isa = PBXGroup;
			children = (
				937956E42542429C008FCCB4 /* PastagramTests.swift */,
				937956E62542429C008FCCB4 /* Info.plist */,
			);
			path = PastagramTests;
			sourceTree = "<group>";
		};
		937956EE2542429C008FCCB4 /* PastagramUITests */ = {
			isa = PBXGroup;
			children = (
				937956EF2542429C008FCCB4 /* PastagramUITests.swift */,
				937956F12542429D008FCCB4 /* Info.plist */,
			);
			path = PastagramUITests;
			sourceTree = "<group>";
		};
		CB07801EF45E136189B93A3B /* Pods */ = {
			isa = PBXGroup;
			children = (
				CF1C18C2BBAC653D94B897FD /* Pods-Pastagram.debug.xcconfig */,
				29D419BF42DD0A286B2056DD /* Pods-Pastagram.release.xcconfig */,
				7EE1D3F714CAC4057B9F5C0E /* Pods-Pastagram-PastagramUITests.debug.xcconfig */,
				6B27B894A71A5CFBB12BA915 /* Pods-Pastagram-PastagramUITests.release.xcconfig */,
				AF01D9F9F486A429A39AF376 /* Pods-PastagramTests.debug.xcconfig */,
				D7359B6A3F474B364F26336B /* Pods-PastagramTests.release.xcconfig */,
			);
			path = Pods;
			sourceTree = "<group>";
		};
/* End PBXGroup section */

/* Begin PBXNativeTarget section */
		937956C92542429B008FCCB4 /* Pastagram */ = {
			isa = PBXNativeTarget;
			buildConfigurationList = 937956F42542429D008FCCB4 /* Build configuration list for PBXNativeTarget "Pastagram" */;
			buildPhases = (
				982363977857F085957A3D75 /* [CP] Check Pods Manifest.lock */,
				937956C62542429B008FCCB4 /* Sources */,
				937956C72542429B008FCCB4 /* Frameworks */,
				937956C82542429B008FCCB4 /* Resources */,
				B17171CEA94CD42CD9E906A0 /* [CP] Embed Pods Frameworks */,
			);
			buildRules = (
			);
			dependencies = (
			);
			name = Pastagram;
			productName = Pastagram;
			productReference = 937956CA2542429B008FCCB4 /* Pastagram.app */;
			productType = "com.apple.product-type.application";
		};
		937956DF2542429C008FCCB4 /* PastagramTests */ = {
			isa = PBXNativeTarget;
			buildConfigurationList = 937956F72542429D008FCCB4 /* Build configuration list for PBXNativeTarget "PastagramTests" */;
			buildPhases = (
				E45F360B5F1A9FD11CE03A6A /* [CP] Check Pods Manifest.lock */,
				937956DC2542429C008FCCB4 /* Sources */,
				937956DD2542429C008FCCB4 /* Frameworks */,
				937956DE2542429C008FCCB4 /* Resources */,
			);
			buildRules = (
			);
			dependencies = (
				937956E22542429C008FCCB4 /* PBXTargetDependency */,
			);
			name = PastagramTests;
			productName = PastagramTests;
			productReference = 937956E02542429C008FCCB4 /* PastagramTests.xctest */;
			productType = "com.apple.product-type.bundle.unit-test";
		};
		937956EA2542429C008FCCB4 /* PastagramUITests */ = {
			isa = PBXNativeTarget;
			buildConfigurationList = 937956FA2542429D008FCCB4 /* Build configuration list for PBXNativeTarget "PastagramUITests" */;
			buildPhases = (
				5D42727423B804CAAC85EB52 /* [CP] Check Pods Manifest.lock */,
				937956E72542429C008FCCB4 /* Sources */,
				937956E82542429C008FCCB4 /* Frameworks */,
				937956E92542429C008FCCB4 /* Resources */,
				51F3116AB55AB00CB7B81371 /* [CP] Embed Pods Frameworks */,
			);
			buildRules = (
			);
			dependencies = (
				937956ED2542429C008FCCB4 /* PBXTargetDependency */,
			);
			name = PastagramUITests;
			productName = PastagramUITests;
			productReference = 937956EB2542429C008FCCB4 /* PastagramUITests.xctest */;
			productType = "com.apple.product-type.bundle.ui-testing";
		};
/* End PBXNativeTarget section */

/* Begin PBXProject section */
		937956C22542429B008FCCB4 /* Project object */ = {
			isa = PBXProject;
			attributes = {
				LastSwiftUpdateCheck = 1200;
				LastUpgradeCheck = 1200;
				TargetAttributes = {
					937956C92542429B008FCCB4 = {
						CreatedOnToolsVersion = 12.0.1;
					};
					937956DF2542429C008FCCB4 = {
						CreatedOnToolsVersion = 12.0.1;
						TestTargetID = 937956C92542429B008FCCB4;
					};
					937956EA2542429C008FCCB4 = {
						CreatedOnToolsVersion = 12.0.1;
						TestTargetID = 937956C92542429B008FCCB4;
					};
				};
			};
			buildConfigurationList = 937956C52542429B008FCCB4 /* Build configuration list for PBXProject "Pastagram" */;
			compatibilityVersion = "Xcode 9.3";
			developmentRegion = en;
			hasScannedForEncodings = 0;
			knownRegions = (
				en,
				Base,
			);
			mainGroup = 937956C12542429B008FCCB4;
			productRefGroup = 937956CB2542429B008FCCB4 /* Products */;
			projectDirPath = "";
			projectRoot = "";
			targets = (
				937956C92542429B008FCCB4 /* Pastagram */,
				937956DF2542429C008FCCB4 /* PastagramTests */,
				937956EA2542429C008FCCB4 /* PastagramUITests */,
			);
		};
/* End PBXProject section */

/* Begin PBXResourcesBuildPhase section */
		937956C82542429B008FCCB4 /* Resources */ = {
			isa = PBXResourcesBuildPhase;
			buildActionMask = 2147483647;
			files = (
				937956DA2542429C008FCCB4 /* LaunchScreen.storyboard in Resources */,
				937956D72542429C008FCCB4 /* Assets.xcassets in Resources */,
				937956D52542429B008FCCB4 /* Main.storyboard in Resources */,
			);
			runOnlyForDeploymentPostprocessing = 0;
		};
		937956DE2542429C008FCCB4 /* Resources */ = {
			isa = PBXResourcesBuildPhase;
			buildActionMask = 2147483647;
			files = (
			);
			runOnlyForDeploymentPostprocessing = 0;
		};
		937956E92542429C008FCCB4 /* Resources */ = {
			isa = PBXResourcesBuildPhase;
			buildActionMask = 2147483647;
			files = (
			);
			runOnlyForDeploymentPostprocessing = 0;
		};
/* End PBXResourcesBuildPhase section */

/* Begin PBXShellScriptBuildPhase section */
		51F3116AB55AB00CB7B81371 /* [CP] Embed Pods Frameworks */ = {
			isa = PBXShellScriptBuildPhase;
			buildActionMask = 2147483647;
			files = (
			);
			inputFileListPaths = (
				"${PODS_ROOT}/Target Support Files/Pods-Pastagram-PastagramUITests/Pods-Pastagram-PastagramUITests-frameworks-${CONFIGURATION}-input-files.xcfilelist",
			);
			name = "[CP] Embed Pods Frameworks";
			outputFileListPaths = (
				"${PODS_ROOT}/Target Support Files/Pods-Pastagram-PastagramUITests/Pods-Pastagram-PastagramUITests-frameworks-${CONFIGURATION}-output-files.xcfilelist",
			);
			runOnlyForDeploymentPostprocessing = 0;
			shellPath = /bin/sh;
			shellScript = "\"${PODS_ROOT}/Target Support Files/Pods-Pastagram-PastagramUITests/Pods-Pastagram-PastagramUITests-frameworks.sh\"\n";
			showEnvVarsInLog = 0;
		};
		5D42727423B804CAAC85EB52 /* [CP] Check Pods Manifest.lock */ = {
			isa = PBXShellScriptBuildPhase;
			buildActionMask = 2147483647;
			files = (
			);
			inputFileListPaths = (
			);
			inputPaths = (
				"${PODS_PODFILE_DIR_PATH}/Podfile.lock",
				"${PODS_ROOT}/Manifest.lock",
			);
			name = "[CP] Check Pods Manifest.lock";
			outputFileListPaths = (
			);
			outputPaths = (
				"$(DERIVED_FILE_DIR)/Pods-Pastagram-PastagramUITests-checkManifestLockResult.txt",
			);
			runOnlyForDeploymentPostprocessing = 0;
			shellPath = /bin/sh;
			shellScript = "diff \"${PODS_PODFILE_DIR_PATH}/Podfile.lock\" \"${PODS_ROOT}/Manifest.lock\" > /dev/null\nif [ $? != 0 ] ; then\n    # print error to STDERR\n    echo \"error: The sandbox is not in sync with the Podfile.lock. Run 'pod install' or update your CocoaPods installation.\" >&2\n    exit 1\nfi\n# This output is used by Xcode 'outputs' to avoid re-running this script phase.\necho \"SUCCESS\" > \"${SCRIPT_OUTPUT_FILE_0}\"\n";
			showEnvVarsInLog = 0;
		};
		982363977857F085957A3D75 /* [CP] Check Pods Manifest.lock */ = {
			isa = PBXShellScriptBuildPhase;
			buildActionMask = 2147483647;
			files = (
			);
			inputFileListPaths = (
			);
			inputPaths = (
				"${PODS_PODFILE_DIR_PATH}/Podfile.lock",
				"${PODS_ROOT}/Manifest.lock",
			);
			name = "[CP] Check Pods Manifest.lock";
			outputFileListPaths = (
			);
			outputPaths = (
				"$(DERIVED_FILE_DIR)/Pods-Pastagram-checkManifestLockResult.txt",
			);
			runOnlyForDeploymentPostprocessing = 0;
			shellPath = /bin/sh;
			shellScript = "diff \"${PODS_PODFILE_DIR_PATH}/Podfile.lock\" \"${PODS_ROOT}/Manifest.lock\" > /dev/null\nif [ $? != 0 ] ; then\n    # print error to STDERR\n    echo \"error: The sandbox is not in sync with the Podfile.lock. Run 'pod install' or update your CocoaPods installation.\" >&2\n    exit 1\nfi\n# This output is used by Xcode 'outputs' to avoid re-running this script phase.\necho \"SUCCESS\" > \"${SCRIPT_OUTPUT_FILE_0}\"\n";
			showEnvVarsInLog = 0;
		};
		B17171CEA94CD42CD9E906A0 /* [CP] Embed Pods Frameworks */ = {
			isa = PBXShellScriptBuildPhase;
			buildActionMask = 2147483647;
			files = (
			);
			inputFileListPaths = (
				"${PODS_ROOT}/Target Support Files/Pods-Pastagram/Pods-Pastagram-frameworks-${CONFIGURATION}-input-files.xcfilelist",
			);
			name = "[CP] Embed Pods Frameworks";
			outputFileListPaths = (
				"${PODS_ROOT}/Target Support Files/Pods-Pastagram/Pods-Pastagram-frameworks-${CONFIGURATION}-output-files.xcfilelist",
			);
			runOnlyForDeploymentPostprocessing = 0;
			shellPath = /bin/sh;
			shellScript = "\"${PODS_ROOT}/Target Support Files/Pods-Pastagram/Pods-Pastagram-frameworks.sh\"\n";
			showEnvVarsInLog = 0;
		};
		E45F360B5F1A9FD11CE03A6A /* [CP] Check Pods Manifest.lock */ = {
			isa = PBXShellScriptBuildPhase;
			buildActionMask = 2147483647;
			files = (
			);
			inputFileListPaths = (
			);
			inputPaths = (
				"${PODS_PODFILE_DIR_PATH}/Podfile.lock",
				"${PODS_ROOT}/Manifest.lock",
			);
			name = "[CP] Check Pods Manifest.lock";
			outputFileListPaths = (
			);
			outputPaths = (
				"$(DERIVED_FILE_DIR)/Pods-PastagramTests-checkManifestLockResult.txt",
			);
			runOnlyForDeploymentPostprocessing = 0;
			shellPath = /bin/sh;
			shellScript = "diff \"${PODS_PODFILE_DIR_PATH}/Podfile.lock\" \"${PODS_ROOT}/Manifest.lock\" > /dev/null\nif [ $? != 0 ] ; then\n    # print error to STDERR\n    echo \"error: The sandbox is not in sync with the Podfile.lock. Run 'pod install' or update your CocoaPods installation.\" >&2\n    exit 1\nfi\n# This output is used by Xcode 'outputs' to avoid re-running this script phase.\necho \"SUCCESS\" > \"${SCRIPT_OUTPUT_FILE_0}\"\n";
			showEnvVarsInLog = 0;
		};
/* End PBXShellScriptBuildPhase section */

/* Begin PBXSourcesBuildPhase section */
		937956C62542429B008FCCB4 /* Sources */ = {
			isa = PBXSourcesBuildPhase;
			buildActionMask = 2147483647;
			files = (
				9379571F254249ED008FCCB4 /* LoginViewController.swift in Sources */,
				937957352543A3B5008FCCB4 /* CameraViewController.swift in Sources */,
				937956CE2542429B008FCCB4 /* AppDelegate.swift in Sources */,
				9379572425424A41008FCCB4 /* FeedViewController.swift in Sources */,
				937956D02542429B008FCCB4 /* SceneDelegate.swift in Sources */,
				937957452543BE93008FCCB4 /* PostCell.swift in Sources */,
				939256EE254DFE1500D44F70 /* CommentCell.swift in Sources */,
			);
			runOnlyForDeploymentPostprocessing = 0;
		};
		937956DC2542429C008FCCB4 /* Sources */ = {
			isa = PBXSourcesBuildPhase;
			buildActionMask = 2147483647;
			files = (
				937956E52542429C008FCCB4 /* PastagramTests.swift in Sources */,
			);
			runOnlyForDeploymentPostprocessing = 0;
		};
		937956E72542429C008FCCB4 /* Sources */ = {
			isa = PBXSourcesBuildPhase;
			buildActionMask = 2147483647;
			files = (
				937956F02542429C008FCCB4 /* PastagramUITests.swift in Sources */,
			);
			runOnlyForDeploymentPostprocessing = 0;
		};
/* End PBXSourcesBuildPhase section */

/* Begin PBXTargetDependency section */
		937956E22542429C008FCCB4 /* PBXTargetDependency */ = {
			isa = PBXTargetDependency;
			target = 937956C92542429B008FCCB4 /* Pastagram */;
			targetProxy = 937956E12542429C008FCCB4 /* PBXContainerItemProxy */;
		};
		937956ED2542429C008FCCB4 /* PBXTargetDependency */ = {
			isa = PBXTargetDependency;
			target = 937956C92542429B008FCCB4 /* Pastagram */;
			targetProxy = 937956EC2542429C008FCCB4 /* PBXContainerItemProxy */;
		};
/* End PBXTargetDependency section */

/* Begin PBXVariantGroup section */
		937956D32542429B008FCCB4 /* Main.storyboard */ = {
			isa = PBXVariantGroup;
			children = (
				937956D42542429B008FCCB4 /* Base */,
			);
			name = Main.storyboard;
			sourceTree = "<group>";
		};
		937956D82542429C008FCCB4 /* LaunchScreen.storyboard */ = {
			isa = PBXVariantGroup;
			children = (
				937956D92542429C008FCCB4 /* Base */,
			);
			name = LaunchScreen.storyboard;
			sourceTree = "<group>";
		};
/* End PBXVariantGroup section */

/* Begin XCBuildConfiguration section */
		937956F22542429D008FCCB4 /* Debug */ = {
			isa = XCBuildConfiguration;
			buildSettings = {
				ALWAYS_SEARCH_USER_PATHS = NO;
				CLANG_ANALYZER_NONNULL = YES;
				CLANG_ANALYZER_NUMBER_OBJECT_CONVERSION = YES_AGGRESSIVE;
				CLANG_CXX_LANGUAGE_STANDARD = "gnu++14";
				CLANG_CXX_LIBRARY = "libc++";
				CLANG_ENABLE_MODULES = YES;
				CLANG_ENABLE_OBJC_ARC = YES;
				CLANG_ENABLE_OBJC_WEAK = YES;
				CLANG_WARN_BLOCK_CAPTURE_AUTORELEASING = YES;
				CLANG_WARN_BOOL_CONVERSION = YES;
				CLANG_WARN_COMMA = YES;
				CLANG_WARN_CONSTANT_CONVERSION = YES;
				CLANG_WARN_DEPRECATED_OBJC_IMPLEMENTATIONS = YES;
				CLANG_WARN_DIRECT_OBJC_ISA_USAGE = YES_ERROR;
				CLANG_WARN_DOCUMENTATION_COMMENTS = YES;
				CLANG_WARN_EMPTY_BODY = YES;
				CLANG_WARN_ENUM_CONVERSION = YES;
				CLANG_WARN_INFINITE_RECURSION = YES;
				CLANG_WARN_INT_CONVERSION = YES;
				CLANG_WARN_NON_LITERAL_NULL_CONVERSION = YES;
				CLANG_WARN_OBJC_IMPLICIT_RETAIN_SELF = YES;
				CLANG_WARN_OBJC_LITERAL_CONVERSION = YES;
				CLANG_WARN_OBJC_ROOT_CLASS = YES_ERROR;
				CLANG_WARN_QUOTED_INCLUDE_IN_FRAMEWORK_HEADER = YES;
				CLANG_WARN_RANGE_LOOP_ANALYSIS = YES;
				CLANG_WARN_STRICT_PROTOTYPES = YES;
				CLANG_WARN_SUSPICIOUS_MOVE = YES;
				CLANG_WARN_UNGUARDED_AVAILABILITY = YES_AGGRESSIVE;
				CLANG_WARN_UNREACHABLE_CODE = YES;
				CLANG_WARN__DUPLICATE_METHOD_MATCH = YES;
				COPY_PHASE_STRIP = NO;
				DEBUG_INFORMATION_FORMAT = dwarf;
				ENABLE_STRICT_OBJC_MSGSEND = YES;
				ENABLE_TESTABILITY = YES;
				GCC_C_LANGUAGE_STANDARD = gnu11;
				GCC_DYNAMIC_NO_PIC = NO;
				GCC_NO_COMMON_BLOCKS = YES;
				GCC_OPTIMIZATION_LEVEL = 0;
				GCC_PREPROCESSOR_DEFINITIONS = (
					"DEBUG=1",
					"$(inherited)",
				);
				GCC_WARN_64_TO_32_BIT_CONVERSION = YES;
				GCC_WARN_ABOUT_RETURN_TYPE = YES_ERROR;
				GCC_WARN_UNDECLARED_SELECTOR = YES;
				GCC_WARN_UNINITIALIZED_AUTOS = YES_AGGRESSIVE;
				GCC_WARN_UNUSED_FUNCTION = YES;
				GCC_WARN_UNUSED_VARIABLE = YES;
				IPHONEOS_DEPLOYMENT_TARGET = 14.0;
				MTL_ENABLE_DEBUG_INFO = INCLUDE_SOURCE;
				MTL_FAST_MATH = YES;
				ONLY_ACTIVE_ARCH = YES;
				SDKROOT = iphoneos;
				SWIFT_ACTIVE_COMPILATION_CONDITIONS = DEBUG;
				SWIFT_OPTIMIZATION_LEVEL = "-Onone";
			};
			name = Debug;
		};
		937956F32542429D008FCCB4 /* Release */ = {
			isa = XCBuildConfiguration;
			buildSettings = {
				ALWAYS_SEARCH_USER_PATHS = NO;
				CLANG_ANALYZER_NONNULL = YES;
				CLANG_ANALYZER_NUMBER_OBJECT_CONVERSION = YES_AGGRESSIVE;
				CLANG_CXX_LANGUAGE_STANDARD = "gnu++14";
				CLANG_CXX_LIBRARY = "libc++";
				CLANG_ENABLE_MODULES = YES;
				CLANG_ENABLE_OBJC_ARC = YES;
				CLANG_ENABLE_OBJC_WEAK = YES;
				CLANG_WARN_BLOCK_CAPTURE_AUTORELEASING = YES;
				CLANG_WARN_BOOL_CONVERSION = YES;
				CLANG_WARN_COMMA = YES;
				CLANG_WARN_CONSTANT_CONVERSION = YES;
				CLANG_WARN_DEPRECATED_OBJC_IMPLEMENTATIONS = YES;
				CLANG_WARN_DIRECT_OBJC_ISA_USAGE = YES_ERROR;
				CLANG_WARN_DOCUMENTATION_COMMENTS = YES;
				CLANG_WARN_EMPTY_BODY = YES;
				CLANG_WARN_ENUM_CONVERSION = YES;
				CLANG_WARN_INFINITE_RECURSION = YES;
				CLANG_WARN_INT_CONVERSION = YES;
				CLANG_WARN_NON_LITERAL_NULL_CONVERSION = YES;
				CLANG_WARN_OBJC_IMPLICIT_RETAIN_SELF = YES;
				CLANG_WARN_OBJC_LITERAL_CONVERSION = YES;
				CLANG_WARN_OBJC_ROOT_CLASS = YES_ERROR;
				CLANG_WARN_QUOTED_INCLUDE_IN_FRAMEWORK_HEADER = YES;
				CLANG_WARN_RANGE_LOOP_ANALYSIS = YES;
				CLANG_WARN_STRICT_PROTOTYPES = YES;
				CLANG_WARN_SUSPICIOUS_MOVE = YES;
				CLANG_WARN_UNGUARDED_AVAILABILITY = YES_AGGRESSIVE;
				CLANG_WARN_UNREACHABLE_CODE = YES;
				CLANG_WARN__DUPLICATE_METHOD_MATCH = YES;
				COPY_PHASE_STRIP = NO;
				DEBUG_INFORMATION_FORMAT = "dwarf-with-dsym";
				ENABLE_NS_ASSERTIONS = NO;
				ENABLE_STRICT_OBJC_MSGSEND = YES;
				GCC_C_LANGUAGE_STANDARD = gnu11;
				GCC_NO_COMMON_BLOCKS = YES;
				GCC_WARN_64_TO_32_BIT_CONVERSION = YES;
				GCC_WARN_ABOUT_RETURN_TYPE = YES_ERROR;
				GCC_WARN_UNDECLARED_SELECTOR = YES;
				GCC_WARN_UNINITIALIZED_AUTOS = YES_AGGRESSIVE;
				GCC_WARN_UNUSED_FUNCTION = YES;
				GCC_WARN_UNUSED_VARIABLE = YES;
				IPHONEOS_DEPLOYMENT_TARGET = 14.0;
				MTL_ENABLE_DEBUG_INFO = NO;
				MTL_FAST_MATH = YES;
				SDKROOT = iphoneos;
				SWIFT_COMPILATION_MODE = wholemodule;
				SWIFT_OPTIMIZATION_LEVEL = "-O";
				VALIDATE_PRODUCT = YES;
			};
			name = Release;
		};
		937956F52542429D008FCCB4 /* Debug */ = {
			isa = XCBuildConfiguration;
			baseConfigurationReference = CF1C18C2BBAC653D94B897FD /* Pods-Pastagram.debug.xcconfig */;
			buildSettings = {
				ASSETCATALOG_COMPILER_APPICON_NAME = AppIcon;
				ASSETCATALOG_COMPILER_GLOBAL_ACCENT_COLOR_NAME = AccentColor;
				CODE_SIGN_STYLE = Automatic;
				INFOPLIST_FILE = Pastagram/Info.plist;
				LD_RUNPATH_SEARCH_PATHS = (
					"$(inherited)",
					"@executable_path/Frameworks",
				);
				PRODUCT_BUNDLE_IDENTIFIER = Codepath.Pastagram;
				PRODUCT_NAME = "$(TARGET_NAME)";
				SWIFT_VERSION = 5.0;
				TARGETED_DEVICE_FAMILY = "1,2";
			};
			name = Debug;
		};
		937956F62542429D008FCCB4 /* Release */ = {
			isa = XCBuildConfiguration;
			baseConfigurationReference = 29D419BF42DD0A286B2056DD /* Pods-Pastagram.release.xcconfig */;
			buildSettings = {
				ASSETCATALOG_COMPILER_APPICON_NAME = AppIcon;
				ASSETCATALOG_COMPILER_GLOBAL_ACCENT_COLOR_NAME = AccentColor;
				CODE_SIGN_STYLE = Automatic;
				INFOPLIST_FILE = Pastagram/Info.plist;
				LD_RUNPATH_SEARCH_PATHS = (
					"$(inherited)",
					"@executable_path/Frameworks",
				);
				PRODUCT_BUNDLE_IDENTIFIER = Codepath.Pastagram;
				PRODUCT_NAME = "$(TARGET_NAME)";
				SWIFT_VERSION = 5.0;
				TARGETED_DEVICE_FAMILY = "1,2";
			};
			name = Release;
		};
		937956F82542429D008FCCB4 /* Debug */ = {
			isa = XCBuildConfiguration;
			baseConfigurationReference = AF01D9F9F486A429A39AF376 /* Pods-PastagramTests.debug.xcconfig */;
			buildSettings = {
				ALWAYS_EMBED_SWIFT_STANDARD_LIBRARIES = YES;
				BUNDLE_LOADER = "$(TEST_HOST)";
				CODE_SIGN_STYLE = Automatic;
				INFOPLIST_FILE = PastagramTests/Info.plist;
				IPHONEOS_DEPLOYMENT_TARGET = 14.0;
				LD_RUNPATH_SEARCH_PATHS = (
					"$(inherited)",
					"@executable_path/Frameworks",
					"@loader_path/Frameworks",
				);
				PRODUCT_BUNDLE_IDENTIFIER = Codepath.PastagramTests;
				PRODUCT_NAME = "$(TARGET_NAME)";
				SWIFT_VERSION = 5.0;
				TARGETED_DEVICE_FAMILY = "1,2";
				TEST_HOST = "$(BUILT_PRODUCTS_DIR)/Pastagram.app/Pastagram";
			};
			name = Debug;
		};
		937956F92542429D008FCCB4 /* Release */ = {
			isa = XCBuildConfiguration;
			baseConfigurationReference = D7359B6A3F474B364F26336B /* Pods-PastagramTests.release.xcconfig */;
			buildSettings = {
				ALWAYS_EMBED_SWIFT_STANDARD_LIBRARIES = YES;
				BUNDLE_LOADER = "$(TEST_HOST)";
				CODE_SIGN_STYLE = Automatic;
				INFOPLIST_FILE = PastagramTests/Info.plist;
				IPHONEOS_DEPLOYMENT_TARGET = 14.0;
				LD_RUNPATH_SEARCH_PATHS = (
					"$(inherited)",
					"@executable_path/Frameworks",
					"@loader_path/Frameworks",
				);
				PRODUCT_BUNDLE_IDENTIFIER = Codepath.PastagramTests;
				PRODUCT_NAME = "$(TARGET_NAME)";
				SWIFT_VERSION = 5.0;
				TARGETED_DEVICE_FAMILY = "1,2";
				TEST_HOST = "$(BUILT_PRODUCTS_DIR)/Pastagram.app/Pastagram";
			};
			name = Release;
		};
		937956FB2542429D008FCCB4 /* Debug */ = {
			isa = XCBuildConfiguration;
			baseConfigurationReference = 7EE1D3F714CAC4057B9F5C0E /* Pods-Pastagram-PastagramUITests.debug.xcconfig */;
			buildSettings = {
				ALWAYS_EMBED_SWIFT_STANDARD_LIBRARIES = YES;
				CODE_SIGN_STYLE = Automatic;
				INFOPLIST_FILE = PastagramUITests/Info.plist;
				LD_RUNPATH_SEARCH_PATHS = (
					"$(inherited)",
					"@executable_path/Frameworks",
					"@loader_path/Frameworks",
				);
				PRODUCT_BUNDLE_IDENTIFIER = Codepath.PastagramUITests;
				PRODUCT_NAME = "$(TARGET_NAME)";
				SWIFT_VERSION = 5.0;
				TARGETED_DEVICE_FAMILY = "1,2";
				TEST_TARGET_NAME = Pastagram;
			};
			name = Debug;
		};
		937956FC2542429D008FCCB4 /* Release */ = {
			isa = XCBuildConfiguration;
			baseConfigurationReference = 6B27B894A71A5CFBB12BA915 /* Pods-Pastagram-PastagramUITests.release.xcconfig */;
			buildSettings = {
				ALWAYS_EMBED_SWIFT_STANDARD_LIBRARIES = YES;
				CODE_SIGN_STYLE = Automatic;
				INFOPLIST_FILE = PastagramUITests/Info.plist;
				LD_RUNPATH_SEARCH_PATHS = (
					"$(inherited)",
					"@executable_path/Frameworks",
					"@loader_path/Frameworks",
				);
				PRODUCT_BUNDLE_IDENTIFIER = Codepath.PastagramUITests;
				PRODUCT_NAME = "$(TARGET_NAME)";
				SWIFT_VERSION = 5.0;
				TARGETED_DEVICE_FAMILY = "1,2";
				TEST_TARGET_NAME = Pastagram;
			};
			name = Release;
		};
/* End XCBuildConfiguration section */

/* Begin XCConfigurationList section */
		937956C52542429B008FCCB4 /* Build configuration list for PBXProject "Pastagram" */ = {
			isa = XCConfigurationList;
			buildConfigurations = (
				937956F22542429D008FCCB4 /* Debug */,
				937956F32542429D008FCCB4 /* Release */,
			);
			defaultConfigurationIsVisible = 0;
			defaultConfigurationName = Release;
		};
		937956F42542429D008FCCB4 /* Build configuration list for PBXNativeTarget "Pastagram" */ = {
			isa = XCConfigurationList;
			buildConfigurations = (
				937956F52542429D008FCCB4 /* Debug */,
				937956F62542429D008FCCB4 /* Release */,
			);
			defaultConfigurationIsVisible = 0;
			defaultConfigurationName = Release;
		};
		937956F72542429D008FCCB4 /* Build configuration list for PBXNativeTarget "PastagramTests" */ = {
			isa = XCConfigurationList;
			buildConfigurations = (
				937956F82542429D008FCCB4 /* Debug */,
				937956F92542429D008FCCB4 /* Release */,
			);
			defaultConfigurationIsVisible = 0;
			defaultConfigurationName = Release;
		};
		937956FA2542429D008FCCB4 /* Build configuration list for PBXNativeTarget "PastagramUITests" */ = {
			isa = XCConfigurationList;
			buildConfigurations = (
				937956FB2542429D008FCCB4 /* Debug */,
				937956FC2542429D008FCCB4 /* Release */,
			);
			defaultConfigurationIsVisible = 0;
			defaultConfigurationName = Release;
		};
/* End XCConfigurationList section */
	};
	rootObject = 937956C22542429B008FCCB4 /* Project object */;
}
